// !$*UTF8*$!
{
	archiveVersion = 1;
	classes = {
	};
	objectVersion = 50;
	objects = {

/* Begin PBXBuildFile section */
		0877B349215CC4D000C54F23 /* TipsViewController.swift in Sources */ = {isa = PBXBuildFile; fileRef = 0877B348215CC4D000C54F23 /* TipsViewController.swift */; };
		08785599214D0F5600578650 /* DetailsViewController.swift in Sources */ = {isa = PBXBuildFile; fileRef = 08785598214D0F5600578650 /* DetailsViewController.swift */; };
		08EC6AF0214CFFA800BA8EF8 /* AppDelegate.swift in Sources */ = {isa = PBXBuildFile; fileRef = 08EC6AEF214CFFA800BA8EF8 /* AppDelegate.swift */; };
		08EC6AF2214CFFA800BA8EF8 /* ViewController.swift in Sources */ = {isa = PBXBuildFile; fileRef = 08EC6AF1214CFFA800BA8EF8 /* ViewController.swift */; };
		08EC6AF5214CFFA800BA8EF8 /* Main.storyboard in Resources */ = {isa = PBXBuildFile; fileRef = 08EC6AF3214CFFA800BA8EF8 /* Main.storyboard */; };
		08EC6AF8214CFFA800BA8EF8 /* XcodeTips.xcdatamodeld in Sources */ = {isa = PBXBuildFile; fileRef = 08EC6AF6214CFFA800BA8EF8 /* XcodeTips.xcdatamodeld */; };
		08EC6AFA214CFFAA00BA8EF8 /* Assets.xcassets in Resources */ = {isa = PBXBuildFile; fileRef = 08EC6AF9214CFFAA00BA8EF8 /* Assets.xcassets */; };
		08EC6AFD214CFFAA00BA8EF8 /* LaunchScreen.storyboard in Resources */ = {isa = PBXBuildFile; fileRef = 08EC6AFB214CFFAA00BA8EF8 /* LaunchScreen.storyboard */; };
/* End PBXBuildFile section */

/* Begin PBXFileReference section */
		0877B348215CC4D000C54F23 /* TipsViewController.swift */ = {isa = PBXFileReference; lastKnownFileType = sourcecode.swift; path = TipsViewController.swift; sourceTree = "<group>"; };
		08785598214D0F5600578650 /* DetailsViewController.swift */ = {isa = PBXFileReference; lastKnownFileType = sourcecode.swift; path = DetailsViewController.swift; sourceTree = "<group>"; };
		08EC6AEC214CFFA800BA8EF8 /* XcodeTips.app */ = {isa = PBXFileReference; explicitFileType = wrapper.application; includeInIndex = 0; path = XcodeTips.app; sourceTree = BUILT_PRODUCTS_DIR; };
		08EC6AEF214CFFA800BA8EF8 /* AppDelegate.swift */ = {isa = PBXFileReference; lastKnownFileType = sourcecode.swift; path = AppDelegate.swift; sourceTree = "<group>"; };
		08EC6AF1214CFFA800BA8EF8 /* ViewController.swift */ = {isa = PBXFileReference; lastKnownFileType = sourcecode.swift; path = ViewController.swift; sourceTree = "<group>"; };
		08EC6AF4214CFFA800BA8EF8 /* Base */ = {isa = PBXFileReference; lastKnownFileType = file.storyboard; name = Base; path = Base.lproj/Main.storyboard; sourceTree = "<group>"; };
		08EC6AF7214CFFA800BA8EF8 /* XcodeTips.xcdatamodel */ = {isa = PBXFileReference; lastKnownFileType = wrapper.xcdatamodel; path = XcodeTips.xcdatamodel; sourceTree = "<group>"; };
		08EC6AF9214CFFAA00BA8EF8 /* Assets.xcassets */ = {isa = PBXFileReference; lastKnownFileType = folder.assetcatalog; path = Assets.xcassets; sourceTree = "<group>"; };
		08EC6AFC214CFFAA00BA8EF8 /* Base */ = {isa = PBXFileReference; lastKnownFileType = file.storyboard; name = Base; path = Base.lproj/LaunchScreen.storyboard; sourceTree = "<group>"; };
		08EC6AFE214CFFAA00BA8EF8 /* Info.plist */ = {isa = PBXFileReference; lastKnownFileType = text.plist.xml; path = Info.plist; sourceTree = "<group>"; };
/* End PBXFileReference section */

/* Begin PBXFrameworksBuildPhase section */
		08EC6AE9214CFFA800BA8EF8 /* Frameworks */ = {
			isa = PBXFrameworksBuildPhase;
			buildActionMask = 2147483647;
			files = (
			);
			runOnlyForDeploymentPostprocessing = 0;
		};
/* End PBXFrameworksBuildPhase section */

/* Begin PBXGroup section */
		08EC6AE3214CFFA800BA8EF8 = {
			isa = PBXGroup;
			children = (
				08EC6AEE214CFFA800BA8EF8 /* XcodeTips */,
				08EC6AED214CFFA800BA8EF8 /* Products */,
			);
			sourceTree = "<group>";
		};
		08EC6AED214CFFA800BA8EF8 /* Products */ = {
			isa = PBXGroup;
			children = (
				08EC6AEC214CFFA800BA8EF8 /* XcodeTips.app */,
			);
			name = Products;
			sourceTree = "<group>";
		};
		08EC6AEE214CFFA800BA8EF8 /* XcodeTips */ = {
			isa = PBXGroup;
			children = (
				08EC6AEF214CFFA800BA8EF8 /* AppDelegate.swift */,
				08EC6AF1214CFFA800BA8EF8 /* ViewController.swift */,
				08EC6AF3214CFFA800BA8EF8 /* Main.storyboard */,
				08EC6AF9214CFFAA00BA8EF8 /* Assets.xcassets */,
				08EC6AFB214CFFAA00BA8EF8 /* LaunchScreen.storyboard */,
				08EC6AFE214CFFAA00BA8EF8 /* Info.plist */,
				08EC6AF6214CFFA800BA8EF8 /* XcodeTips.xcdatamodeld */,
				08785598214D0F5600578650 /* DetailsViewController.swift */,
				0877B348215CC4D000C54F23 /* TipsViewController.swift */,
			);
			path = XcodeTips;
			sourceTree = "<group>";
		};
/* End PBXGroup section */

/* Begin PBXNativeTarget section */
		08EC6AEB214CFFA800BA8EF8 /* XcodeTips */ = {
			isa = PBXNativeTarget;
			buildConfigurationList = 08EC6B01214CFFAA00BA8EF8 /* Build configuration list for PBXNativeTarget "XcodeTips" */;
			buildPhases = (
				08EC6AE8214CFFA800BA8EF8 /* Sources */,
				08EC6AE9214CFFA800BA8EF8 /* Frameworks */,
				08EC6AEA214CFFA800BA8EF8 /* Resources */,
			);
			buildRules = (
			);
			dependencies = (
			);
			name = XcodeTips;
			productName = XcodeTips;
			productReference = 08EC6AEC214CFFA800BA8EF8 /* XcodeTips.app */;
			productType = "com.apple.product-type.application";
		};
/* End PBXNativeTarget section */

/* Begin PBXProject section */
		08EC6AE4214CFFA800BA8EF8 /* Project object */ = {
			isa = PBXProject;
			attributes = {
				LastSwiftUpdateCheck = 1000;
				LastUpgradeCheck = 1000;
				ORGANIZATIONNAME = deeodus;
				TargetAttributes = {
					08EC6AEB214CFFA800BA8EF8 = {
						CreatedOnToolsVersion = 10.0;
					};
				};
			};
			buildConfigurationList = 08EC6AE7214CFFA800BA8EF8 /* Build configuration list for PBXProject "XcodeTips" */;
			compatibilityVersion = "Xcode 9.3";
			developmentRegion = en;
			hasScannedForEncodings = 0;
			knownRegions = (
				en,
				Base,
			);
			mainGroup = 08EC6AE3214CFFA800BA8EF8;
			productRefGroup = 08EC6AED214CFFA800BA8EF8 /* Products */;
			projectDirPath = "";
			projectRoot = "";
			targets = (
				08EC6AEB214CFFA800BA8EF8 /* XcodeTips */,
			);
		};
/* End PBXProject section */

/* Begin PBXResourcesBuildPhase section */
		08EC6AEA214CFFA800BA8EF8 /* Resources */ = {
			isa = PBXResourcesBuildPhase;
			buildActionMask = 2147483647;
			files = (
				08EC6AFD214CFFAA00BA8EF8 /* LaunchScreen.storyboard in Resources */,
				08EC6AFA214CFFAA00BA8EF8 /* Assets.xcassets in Resources */,
				08EC6AF5214CFFA800BA8EF8 /* Main.storyboard in Resources */,
			);
			runOnlyForDeploymentPostprocessing = 0;
		};
/* End PBXResourcesBuildPhase section */

/* Begin PBXSourcesBuildPhase section */
		08EC6AE8214CFFA800BA8EF8 /* Sources */ = {
			isa = PBXSourcesBuildPhase;
			buildActionMask = 2147483647;
			files = (
				08EC6AF8214CFFA800BA8EF8 /* XcodeTips.xcdatamodeld in Sources */,
				0877B349215CC4D000C54F23 /* TipsViewController.swift in Sources */,
				08EC6AF2214CFFA800BA8EF8 /* ViewController.swift in Sources */,
				08EC6AF0214CFFA800BA8EF8 /* AppDelegate.swift in Sources */,
				08785599214D0F5600578650 /* DetailsViewController.swift in Sources */,
			);
			runOnlyForDeploymentPostprocessing = 0;
		};
/* End PBXSourcesBuildPhase section */

/* Begin PBXVariantGroup section */
		08EC6AF3214CFFA800BA8EF8 /* Main.storyboard */ = {
			isa = PBXVariantGroup;
			children = (
				08EC6AF4214CFFA800BA8EF8 /* Base */,
			);
			name = Main.storyboard;
			sourceTree = "<group>";
		};
		08EC6AFB214CFFAA00BA8EF8 /* LaunchScreen.storyboard */ = {
			isa = PBXVariantGroup;
			children = (
				08EC6AFC214CFFAA00BA8EF8 /* Base */,
			);
			name = LaunchScreen.storyboard;
			sourceTree = "<group>";
		};
/* End PBXVariantGroup section */

/* Begin XCBuildConfiguration section */
		08EC6AFF214CFFAA00BA8EF8 /* Debug */ = {
			isa = XCBuildConfiguration;
			buildSettings = {
				ALWAYS_SEARCH_USER_PATHS = NO;
				CLANG_ANALYZER_NONNULL = YES;
				CLANG_ANALYZER_NUMBER_OBJECT_CONVERSION = YES_AGGRESSIVE;
				CLANG_CXX_LANGUAGE_STANDARD = "gnu++14";
				CLANG_CXX_LIBRARY = "libc++";
				CLANG_ENABLE_MODULES = YES;
				CLANG_ENABLE_OBJC_ARC = YES;
				CLANG_ENABLE_OBJC_WEAK = YES;
				CLANG_WARN_BLOCK_CAPTURE_AUTORELEASING = YES;
				CLANG_WARN_BOOL_CONVERSION = YES;
				CLANG_WARN_COMMA = YES;
				CLANG_WARN_CONSTANT_CONVERSION = YES;
				CLANG_WARN_DEPRECATED_OBJC_IMPLEMENTATIONS = YES;
				CLANG_WARN_DIRECT_OBJC_ISA_USAGE = YES_ERROR;
				CLANG_WARN_DOCUMENTATION_COMMENTS = YES;
				CLANG_WARN_EMPTY_BODY = YES;
				CLANG_WARN_ENUM_CONVERSION = YES;
				CLANG_WARN_INFINITE_RECURSION = YES;
				CLANG_WARN_INT_CONVERSION = YES;
				CLANG_WARN_NON_LITERAL_NULL_CONVERSION = YES;
				CLANG_WARN_OBJC_IMPLICIT_RETAIN_SELF = YES;
				CLANG_WARN_OBJC_LITERAL_CONVERSION = YES;
				CLANG_WARN_OBJC_ROOT_CLASS = YES_ERROR;
				CLANG_WARN_RANGE_LOOP_ANALYSIS = YES;
				CLANG_WARN_STRICT_PROTOTYPES = YES;
				CLANG_WARN_SUSPICIOUS_MOVE = YES;
				CLANG_WARN_UNGUARDED_AVAILABILITY = YES_AGGRESSIVE;
				CLANG_WARN_UNREACHABLE_CODE = YES;
				CLANG_WARN__DUPLICATE_METHOD_MATCH = YES;
				CODE_SIGN_IDENTITY = "iPhone Developer";
				COPY_PHASE_STRIP = NO;
				DEBUG_INFORMATION_FORMAT = dwarf;
				ENABLE_STRICT_OBJC_MSGSEND = YES;
				ENABLE_TESTABILITY = YES;
				GCC_C_LANGUAGE_STANDARD = gnu11;
				GCC_DYNAMIC_NO_PIC = NO;
				GCC_NO_COMMON_BLOCKS = YES;
				GCC_OPTIMIZATION_LEVEL = 0;
				GCC_PREPROCESSOR_DEFINITIONS = (
					"DEBUG=1",
					"$(inherited)",
				);
				GCC_WARN_64_TO_32_BIT_CONVERSION = YES;
				GCC_WARN_ABOUT_RETURN_TYPE = YES_ERROR;
				GCC_WARN_UNDECLARED_SELECTOR = YES;
				GCC_WARN_UNINITIALIZED_AUTOS = YES_AGGRESSIVE;
				GCC_WARN_UNUSED_FUNCTION = YES;
				GCC_WARN_UNUSED_VARIABLE = YES;
				IPHONEOS_DEPLOYMENT_TARGET = 12.0;
				MTL_ENABLE_DEBUG_INFO = INCLUDE_SOURCE;
				MTL_FAST_MATH = YES;
				ONLY_ACTIVE_ARCH = YES;
				SDKROOT = iphoneos;
				SWIFT_ACTIVE_COMPILATION_CONDITIONS = DEBUG;
				SWIFT_OPTIMIZATION_LEVEL = "-Onone";
			};
			name = Debug;
		};
		08EC6B00214CFFAA00BA8EF8 /* Release */ = {
			isa = XCBuildConfiguration;
			buildSettings = {
				ALWAYS_SEARCH_USER_PATHS = NO;
				CLANG_ANALYZER_NONNULL = YES;
				CLANG_ANALYZER_NUMBER_OBJECT_CONVERSION = YES_AGGRESSIVE;
				CLANG_CXX_LANGUAGE_STANDARD = "gnu++14";
				CLANG_CXX_LIBRARY = "libc++";
				CLANG_ENABLE_MODULES = YES;
				CLANG_ENABLE_OBJC_ARC = YES;
				CLANG_ENABLE_OBJC_WEAK = YES;
				CLANG_WARN_BLOCK_CAPTURE_AUTORELEASING = YES;
				CLANG_WARN_BOOL_CONVERSION = YES;
				CLANG_WARN_COMMA = YES;
				CLANG_WARN_CONSTANT_CONVERSION = YES;
				CLANG_WARN_DEPRECATED_OBJC_IMPLEMENTATIONS = YES;
				CLANG_WARN_DIRECT_OBJC_ISA_USAGE = YES_ERROR;
				CLANG_WARN_DOCUMENTATION_COMMENTS = YES;
				CLANG_WARN_EMPTY_BODY = YES;
				CLANG_WARN_ENUM_CONVERSION = YES;
				CLANG_WARN_INFINITE_RECURSION = YES;
				CLANG_WARN_INT_CONVERSION = YES;
				CLANG_WARN_NON_LITERAL_NULL_CONVERSION = YES;
				CLANG_WARN_OBJC_IMPLICIT_RETAIN_SELF = YES;
				CLANG_WARN_OBJC_LITERAL_CONVERSION = YES;
				CLANG_WARN_OBJC_ROOT_CLASS = YES_ERROR;
				CLANG_WARN_RANGE_LOOP_ANALYSIS = YES;
				CLANG_WARN_STRICT_PROTOTYPES = YES;
				CLANG_WARN_SUSPICIOUS_MOVE = YES;
				CLANG_WARN_UNGUARDED_AVAILABILITY = YES_AGGRESSIVE;
				CLANG_WARN_UNREACHABLE_CODE = YES;
				CLANG_WARN__DUPLICATE_METHOD_MATCH = YES;
				CODE_SIGN_IDENTITY = "iPhone Developer";
				COPY_PHASE_STRIP = NO;
				DEBUG_INFORMATION_FORMAT = "dwarf-with-dsym";
				ENABLE_NS_ASSERTIONS = NO;
				ENABLE_STRICT_OBJC_MSGSEND = YES;
				GCC_C_LANGUAGE_STANDARD = gnu11;
				GCC_NO_COMMON_BLOCKS = YES;
				GCC_WARN_64_TO_32_BIT_CONVERSION = YES;
				GCC_WARN_ABOUT_RETURN_TYPE = YES_ERROR;
				GCC_WARN_UNDECLARED_SELECTOR = YES;
				GCC_WARN_UNINITIALIZED_AUTOS = YES_AGGRESSIVE;
				GCC_WARN_UNUSED_FUNCTION = YES;
				GCC_WARN_UNUSED_VARIABLE = YES;
				IPHONEOS_DEPLOYMENT_TARGET = 12.0;
				MTL_ENABLE_DEBUG_INFO = NO;
				MTL_FAST_MATH = YES;
				SDKROOT = iphoneos;
				SWIFT_COMPILATION_MODE = wholemodule;
				SWIFT_OPTIMIZATION_LEVEL = "-O";
				VALIDATE_PRODUCT = YES;
			};
			name = Release;
		};
		08EC6B02214CFFAA00BA8EF8 /* Debug */ = {
			isa = XCBuildConfiguration;
			buildSettings = {
				ASSETCATALOG_COMPILER_APPICON_NAME = AppIcon;
				CODE_SIGN_STYLE = Automatic;
				DEVELOPMENT_TEAM = T7U25TU8ZX;
				INFOPLIST_FILE = XcodeTips/Info.plist;
				LD_RUNPATH_SEARCH_PATHS = (
					"$(inherited)",
					"@executable_path/Frameworks",
				);
				PRODUCT_BUNDLE_IDENTIFIER = com.Appkoder.XcodeTips;
				PRODUCT_NAME = "$(TARGET_NAME)";
				SWIFT_VERSION = 4.2;
				TARGETED_DEVICE_FAMILY = "1,2";
			};
			name = Debug;
		};
		08EC6B03214CFFAA00BA8EF8 /* Release */ = {
			isa = XCBuildConfiguration;
			buildSettings = {
				ASSETCATALOG_COMPILER_APPICON_NAME = AppIcon;
				CODE_SIGN_STYLE = Automatic;
				DEVELOPMENT_TEAM = T7U25TU8ZX;
				INFOPLIST_FILE = XcodeTips/Info.plist;
				LD_RUNPATH_SEARCH_PATHS = (
					"$(inherited)",
					"@executable_path/Frameworks",
				);
				PRODUCT_BUNDLE_IDENTIFIER = com.Appkoder.XcodeTips;
				PRODUCT_NAME = "$(TARGET_NAME)";
				SWIFT_VERSION = 4.2;
				TARGETED_DEVICE_FAMILY = "1,2";
			};
			name = Release;
		};
/* End XCBuildConfiguration section */

/* Begin XCConfigurationList section */
		08EC6AE7214CFFA800BA8EF8 /* Build configuration list for PBXProject "XcodeTips" */ = {
			isa = XCConfigurationList;
			buildConfigurations = (
				08EC6AFF214CFFAA00BA8EF8 /* Debug */,
				08EC6B00214CFFAA00BA8EF8 /* Release */,
			);
			defaultConfigurationIsVisible = 0;
			defaultConfigurationName = Release;
		};
		08EC6B01214CFFAA00BA8EF8 /* Build configuration list for PBXNativeTarget "XcodeTips" */ = {
			isa = XCConfigurationList;
			buildConfigurations = (
				08EC6B02214CFFAA00BA8EF8 /* Debug */,
				08EC6B03214CFFAA00BA8EF8 /* Release */,
			);
			defaultConfigurationIsVisible = 0;
			defaultConfigurationName = Release;
		};
/* End XCConfigurationList section */

/* Begin XCVersionGroup section */
		08EC6AF6214CFFA800BA8EF8 /* XcodeTips.xcdatamodeld */ = {
			isa = XCVersionGroup;
			children = (
				08EC6AF7214CFFA800BA8EF8 /* XcodeTips.xcdatamodel */,
			);
			currentVersion = 08EC6AF7214CFFA800BA8EF8 /* XcodeTips.xcdatamodel */;
			path = XcodeTips.xcdatamodeld;
			sourceTree = "<group>";
			versionGroupType = wrapper.xcdatamodel;
		};
/* End XCVersionGroup section */
	};
	rootObject = 08EC6AE4214CFFA800BA8EF8 /* Project object */;
}
